
Microsoft Visual Studio Solution File, Format Version 12.00
# Visual Studio Version 17
VisualStudioVersion = 17.1.32228.430
MinimumVisualStudioVersion = 10.0.40219.1
Project("{FAE04EC0-301F-11D3-BF4B-00C04F79EFBC}") = "MyMongoDbApp", "MyMongoDbApp\MyMongoDbApp.csproj", "{B7DF68A2-B3BF-4F5A-9865-9C83620A4EBD}"
EndProject
Global
	GlobalSection(SolutionConfigurationPlatforms) = preSolution
		Debug|Any CPU = Debug|Any CPU
		Release|Any CPU = Release|Any CPU
	EndGlobalSection
	GlobalSection(ProjectConfigurationPlatforms) = postSolution
		{B7DF68A2-B3BF-4F5A-9865-9C83620A4EBD}.Debug|Any CPU.ActiveCfg = Debug|Any CPU
		{B7DF68A2-B3BF-4F5A-9865-9C83620A4EBD}.Debug|Any CPU.Build.0 = Debug|Any CPU
		{B7DF68A2-B3BF-4F5A-9865-9C83620A4EBD}.Release|Any CPU.ActiveCfg = Release|Any CPU
		{B7DF68A2-B3BF-4F5A-9865-9C83620A4EBD}.Release|Any CPU.Build.0 = Release|Any CPU
	EndGlobalSection
	GlobalSection(SolutionProperties) = preSolution
		HideSolutionNode = FALSE
	EndGlobalSection
	GlobalSection(ExtensibilityGlobals) = postSolution
		SolutionGuid = {37B42BAB-394E-4DEB-B352-DEFDCAC4BDD6}
	EndGlobalSection
EndGlobal
